
Microsoft Visual Studio Solution File, Format Version 12.00
# Visual Studio Version 16
VisualStudioVersion = 16.0.32126.315
MinimumVisualStudioVersion = 10.0.40219.1
Project("{9A19103F-16F7-4668-BE54-9A1E7A4F7556}") = "CodingTest.WebApi", "src\CodingTest.WebApi\CodingTest.WebApi.csproj", "{63167DAC-A9A4-435E-976E-B0EADCB74348}"
EndProject
Project("{FAE04EC0-301F-11D3-BF4B-00C04F79EFBC}") = "CodingTest.Unit.Tests", "src\CodingTest.Unit.Tests\CodingTest.Unit.Tests.csproj", "{19C8FB17-3E89-4D3F-94CB-4A24AB79B347}"
EndProject
Global
	GlobalSection(SolutionConfigurationPlatforms) = preSolution
		Debug|Any CPU = Debug|Any CPU
		Release|Any CPU = Release|Any CPU
	EndGlobalSection
	GlobalSection(ProjectConfigurationPlatforms) = postSolution
		{63167DAC-A9A4-435E-976E-B0EADCB74348}.Debug|Any CPU.ActiveCfg = Debug|Any CPU
		{63167DAC-A9A4-435E-976E-B0EADCB74348}.Debug|Any CPU.Build.0 = Debug|Any CPU
		{63167DAC-A9A4-435E-976E-B0EADCB74348}.Release|Any CPU.ActiveCfg = Release|Any CPU
		{63167DAC-A9A4-435E-976E-B0EADCB74348}.Release|Any CPU.Build.0 = Release|Any CPU
		{19C8FB17-3E89-4D3F-94CB-4A24AB79B347}.Debug|Any CPU.ActiveCfg = Debug|Any CPU
		{19C8FB17-3E89-4D3F-94CB-4A24AB79B347}.Debug|Any CPU.Build.0 = Debug|Any CPU
		{19C8FB17-3E89-4D3F-94CB-4A24AB79B347}.Release|Any CPU.ActiveCfg = Release|Any CPU
		{19C8FB17-3E89-4D3F-94CB-4A24AB79B347}.Release|Any CPU.Build.0 = Release|Any CPU
	EndGlobalSection
	GlobalSection(SolutionProperties) = preSolution
		HideSolutionNode = FALSE
	EndGlobalSection
	GlobalSection(ExtensibilityGlobals) = postSolution
		SolutionGuid = {8CC1F9EF-5A57-4A10-A027-C9C6E8BAC76D}
	EndGlobalSection
EndGlobal
